// !$*UTF8*$!
{
	archiveVersion = 1;
	classes = {
	};
	objectVersion = 50;
	objects = {

/* Begin PBXBuildFile section */
		EEFBDCB1244322E90074CF48 /* AppDelegate.swift in Sources */ = {isa = PBXBuildFile; fileRef = EEFBDCB0244322E90074CF48 /* AppDelegate.swift */; };
		EEFBDCB3244322E90074CF48 /* SceneDelegate.swift in Sources */ = {isa = PBXBuildFile; fileRef = EEFBDCB2244322E90074CF48 /* SceneDelegate.swift */; };
		EEFBDCBA244322EB0074CF48 /* Assets.xcassets in Resources */ = {isa = PBXBuildFile; fileRef = EEFBDCB9244322EB0074CF48 /* Assets.xcassets */; };
		EEFBDCBD244322EB0074CF48 /* LaunchScreen.storyboard in Resources */ = {isa = PBXBuildFile; fileRef = EEFBDCBB244322EB0074CF48 /* LaunchScreen.storyboard */; };
		EEFBDCC8244322EB0074CF48 /* RedditTopTests.swift in Sources */ = {isa = PBXBuildFile; fileRef = EEFBDCC7244322EB0074CF48 /* RedditTopTests.swift */; };
		EEFBDCD5244324680074CF48 /* RedditEndpoint.swift in Sources */ = {isa = PBXBuildFile; fileRef = EEFBDCD4244324680074CF48 /* RedditEndpoint.swift */; };
		EEFBDCD7244324790074CF48 /* RedditAPIService.swift in Sources */ = {isa = PBXBuildFile; fileRef = EEFBDCD6244324790074CF48 /* RedditAPIService.swift */; };
		EEFBDCD92443248D0074CF48 /* RequestsExecutor.swift in Sources */ = {isa = PBXBuildFile; fileRef = EEFBDCD82443248D0074CF48 /* RequestsExecutor.swift */; };
		EEFBDCDE2443251C0074CF48 /* RedditAPIServiceImpl.swift in Sources */ = {isa = PBXBuildFile; fileRef = EEFBDCDD2443251C0074CF48 /* RedditAPIServiceImpl.swift */; };
		EEFBDCE1244325890074CF48 /* RedditPostDTO.swift in Sources */ = {isa = PBXBuildFile; fileRef = EEFBDCE0244325890074CF48 /* RedditPostDTO.swift */; };
		EEFBDCE3244325F60074CF48 /* RedditListingPageDTO.swift in Sources */ = {isa = PBXBuildFile; fileRef = EEFBDCE2244325F60074CF48 /* RedditListingPageDTO.swift */; };
		EEFBDD2424433CF10074CF48 /* RedditTopConfigurator.swift in Sources */ = {isa = PBXBuildFile; fileRef = EEFBDD2324433CF10074CF48 /* RedditTopConfigurator.swift */; };
		EEFBDD2624433D020074CF48 /* RedditTopConfiguratorImpl.swift in Sources */ = {isa = PBXBuildFile; fileRef = EEFBDD2524433D020074CF48 /* RedditTopConfiguratorImpl.swift */; };
		EEFBDD2924433D3B0074CF48 /* RedditTopRouter.swift in Sources */ = {isa = PBXBuildFile; fileRef = EEFBDD2824433D3B0074CF48 /* RedditTopRouter.swift */; };
		EEFBDD2B24433D530074CF48 /* RedditTopRouterImpl.swift in Sources */ = {isa = PBXBuildFile; fileRef = EEFBDD2A24433D530074CF48 /* RedditTopRouterImpl.swift */; };
		EEFBDD2E24433D710074CF48 /* RedditTopPresenter.swift in Sources */ = {isa = PBXBuildFile; fileRef = EEFBDD2D24433D710074CF48 /* RedditTopPresenter.swift */; };
		EEFBDD3024433D8D0074CF48 /* RedditTopPresenterImpl.swift in Sources */ = {isa = PBXBuildFile; fileRef = EEFBDD2F24433D8D0074CF48 /* RedditTopPresenterImpl.swift */; };
		EEFBDD3324433DA70074CF48 /* RedditTopInteractor.swift in Sources */ = {isa = PBXBuildFile; fileRef = EEFBDD3224433DA70074CF48 /* RedditTopInteractor.swift */; };
		EEFBDD3524433DB90074CF48 /* RedditTopInteractorImpl.swift in Sources */ = {isa = PBXBuildFile; fileRef = EEFBDD3424433DB90074CF48 /* RedditTopInteractorImpl.swift */; };
		EEFBDD3824433DD70074CF48 /* RedditTopViewController.swift in Sources */ = {isa = PBXBuildFile; fileRef = EEFBDD3724433DD70074CF48 /* RedditTopViewController.swift */; };
		EEFBDD3A24433DF70074CF48 /* RedditTopViewInput.swift in Sources */ = {isa = PBXBuildFile; fileRef = EEFBDD3924433DF70074CF48 /* RedditTopViewInput.swift */; };
		EEFBDD3C24433DFF0074CF48 /* RedditTopViewOutput.swift in Sources */ = {isa = PBXBuildFile; fileRef = EEFBDD3B24433DFF0074CF48 /* RedditTopViewOutput.swift */; };
		EEFBDD3F244344280074CF48 /* BaseSceneDelegate.swift in Sources */ = {isa = PBXBuildFile; fileRef = EEFBDD3E244344280074CF48 /* BaseSceneDelegate.swift */; };
		EEFBDD41244344770074CF48 /* ApplicationInitService.swift in Sources */ = {isa = PBXBuildFile; fileRef = EEFBDD40244344760074CF48 /* ApplicationInitService.swift */; };
		EEFBDD482443585E0074CF48 /* RedditPostViewData.swift in Sources */ = {isa = PBXBuildFile; fileRef = EEFBDD472443585D0074CF48 /* RedditPostViewData.swift */; };
		EEFBDD4B244358A20074CF48 /* Date+Extensions.swift in Sources */ = {isa = PBXBuildFile; fileRef = EEFBDD4A244358A20074CF48 /* Date+Extensions.swift */; };
		EEFBDD4D244359F90074CF48 /* UITableViewCell+ReusableView.swift in Sources */ = {isa = PBXBuildFile; fileRef = EEFBDD4C244359F90074CF48 /* UITableViewCell+ReusableView.swift */; };
		EEFBDD4F24435A0B0074CF48 /* Collection+Safe.swift in Sources */ = {isa = PBXBuildFile; fileRef = EEFBDD4E24435A0B0074CF48 /* Collection+Safe.swift */; };
		EEFBDD5124435B6B0074CF48 /* URLSessionDataTask+Cancellable.swift in Sources */ = {isa = PBXBuildFile; fileRef = EEFBDD5024435B6B0074CF48 /* URLSessionDataTask+Cancellable.swift */; };
/* End PBXBuildFile section */

/* Begin PBXContainerItemProxy section */
		EEFBDCC4244322EB0074CF48 /* PBXContainerItemProxy */ = {
			isa = PBXContainerItemProxy;
			containerPortal = EEFBDCA5244322E90074CF48 /* Project object */;
			proxyType = 1;
			remoteGlobalIDString = EEFBDCAC244322E90074CF48;
			remoteInfo = RedditTop;
		};
/* End PBXContainerItemProxy section */

/* Begin PBXFileReference section */
		EEFBDCAD244322E90074CF48 /* RedditTop.app */ = {isa = PBXFileReference; explicitFileType = wrapper.application; includeInIndex = 0; path = RedditTop.app; sourceTree = BUILT_PRODUCTS_DIR; };
		EEFBDCB0244322E90074CF48 /* AppDelegate.swift */ = {isa = PBXFileReference; lastKnownFileType = sourcecode.swift; path = AppDelegate.swift; sourceTree = "<group>"; };
		EEFBDCB2244322E90074CF48 /* SceneDelegate.swift */ = {isa = PBXFileReference; lastKnownFileType = sourcecode.swift; path = SceneDelegate.swift; sourceTree = "<group>"; };
		EEFBDCB9244322EB0074CF48 /* Assets.xcassets */ = {isa = PBXFileReference; lastKnownFileType = folder.assetcatalog; path = Assets.xcassets; sourceTree = "<group>"; };
		EEFBDCBC244322EB0074CF48 /* Base */ = {isa = PBXFileReference; lastKnownFileType = file.storyboard; name = Base; path = Base.lproj/LaunchScreen.storyboard; sourceTree = "<group>"; };
		EEFBDCBE244322EB0074CF48 /* Info.plist */ = {isa = PBXFileReference; lastKnownFileType = text.plist.xml; path = Info.plist; sourceTree = "<group>"; };
		EEFBDCC3244322EB0074CF48 /* RedditTopTests.xctest */ = {isa = PBXFileReference; explicitFileType = wrapper.cfbundle; includeInIndex = 0; path = RedditTopTests.xctest; sourceTree = BUILT_PRODUCTS_DIR; };
		EEFBDCC7244322EB0074CF48 /* RedditTopTests.swift */ = {isa = PBXFileReference; lastKnownFileType = sourcecode.swift; path = RedditTopTests.swift; sourceTree = "<group>"; };
		EEFBDCC9244322EB0074CF48 /* Info.plist */ = {isa = PBXFileReference; lastKnownFileType = text.plist.xml; path = Info.plist; sourceTree = "<group>"; };
		EEFBDCD4244324680074CF48 /* RedditEndpoint.swift */ = {isa = PBXFileReference; lastKnownFileType = sourcecode.swift; path = RedditEndpoint.swift; sourceTree = "<group>"; };
		EEFBDCD6244324790074CF48 /* RedditAPIService.swift */ = {isa = PBXFileReference; lastKnownFileType = sourcecode.swift; path = RedditAPIService.swift; sourceTree = "<group>"; };
		EEFBDCD82443248D0074CF48 /* RequestsExecutor.swift */ = {isa = PBXFileReference; lastKnownFileType = sourcecode.swift; path = RequestsExecutor.swift; sourceTree = "<group>"; };
		EEFBDCDD2443251C0074CF48 /* RedditAPIServiceImpl.swift */ = {isa = PBXFileReference; lastKnownFileType = sourcecode.swift; path = RedditAPIServiceImpl.swift; sourceTree = "<group>"; };
		EEFBDCE0244325890074CF48 /* RedditPostDTO.swift */ = {isa = PBXFileReference; lastKnownFileType = sourcecode.swift; path = RedditPostDTO.swift; sourceTree = "<group>"; };
		EEFBDCE2244325F60074CF48 /* RedditListingPageDTO.swift */ = {isa = PBXFileReference; lastKnownFileType = sourcecode.swift; path = RedditListingPageDTO.swift; sourceTree = "<group>"; };
		EEFBDD2324433CF10074CF48 /* RedditTopConfigurator.swift */ = {isa = PBXFileReference; lastKnownFileType = sourcecode.swift; path = RedditTopConfigurator.swift; sourceTree = "<group>"; };
		EEFBDD2524433D020074CF48 /* RedditTopConfiguratorImpl.swift */ = {isa = PBXFileReference; lastKnownFileType = sourcecode.swift; path = RedditTopConfiguratorImpl.swift; sourceTree = "<group>"; };
		EEFBDD2824433D3B0074CF48 /* RedditTopRouter.swift */ = {isa = PBXFileReference; lastKnownFileType = sourcecode.swift; path = RedditTopRouter.swift; sourceTree = "<group>"; };
		EEFBDD2A24433D530074CF48 /* RedditTopRouterImpl.swift */ = {isa = PBXFileReference; lastKnownFileType = sourcecode.swift; path = RedditTopRouterImpl.swift; sourceTree = "<group>"; };
		EEFBDD2D24433D710074CF48 /* RedditTopPresenter.swift */ = {isa = PBXFileReference; lastKnownFileType = sourcecode.swift; path = RedditTopPresenter.swift; sourceTree = "<group>"; };
		EEFBDD2F24433D8D0074CF48 /* RedditTopPresenterImpl.swift */ = {isa = PBXFileReference; lastKnownFileType = sourcecode.swift; path = RedditTopPresenterImpl.swift; sourceTree = "<group>"; };
		EEFBDD3224433DA70074CF48 /* RedditTopInteractor.swift */ = {isa = PBXFileReference; lastKnownFileType = sourcecode.swift; path = RedditTopInteractor.swift; sourceTree = "<group>"; };
		EEFBDD3424433DB90074CF48 /* RedditTopInteractorImpl.swift */ = {isa = PBXFileReference; lastKnownFileType = sourcecode.swift; path = RedditTopInteractorImpl.swift; sourceTree = "<group>"; };
		EEFBDD3724433DD70074CF48 /* RedditTopViewController.swift */ = {isa = PBXFileReference; lastKnownFileType = sourcecode.swift; path = RedditTopViewController.swift; sourceTree = "<group>"; };
		EEFBDD3924433DF70074CF48 /* RedditTopViewInput.swift */ = {isa = PBXFileReference; lastKnownFileType = sourcecode.swift; path = RedditTopViewInput.swift; sourceTree = "<group>"; };
		EEFBDD3B24433DFF0074CF48 /* RedditTopViewOutput.swift */ = {isa = PBXFileReference; lastKnownFileType = sourcecode.swift; path = RedditTopViewOutput.swift; sourceTree = "<group>"; };
		EEFBDD3E244344280074CF48 /* BaseSceneDelegate.swift */ = {isa = PBXFileReference; lastKnownFileType = sourcecode.swift; path = BaseSceneDelegate.swift; sourceTree = "<group>"; };
		EEFBDD40244344760074CF48 /* ApplicationInitService.swift */ = {isa = PBXFileReference; lastKnownFileType = sourcecode.swift; path = ApplicationInitService.swift; sourceTree = "<group>"; };
		EEFBDD472443585D0074CF48 /* RedditPostViewData.swift */ = {isa = PBXFileReference; lastKnownFileType = sourcecode.swift; path = RedditPostViewData.swift; sourceTree = "<group>"; };
		EEFBDD4A244358A20074CF48 /* Date+Extensions.swift */ = {isa = PBXFileReference; lastKnownFileType = sourcecode.swift; path = "Date+Extensions.swift"; sourceTree = "<group>"; };
		EEFBDD4C244359F90074CF48 /* UITableViewCell+ReusableView.swift */ = {isa = PBXFileReference; lastKnownFileType = sourcecode.swift; path = "UITableViewCell+ReusableView.swift"; sourceTree = "<group>"; };
		EEFBDD4E24435A0B0074CF48 /* Collection+Safe.swift */ = {isa = PBXFileReference; lastKnownFileType = sourcecode.swift; path = "Collection+Safe.swift"; sourceTree = "<group>"; };
		EEFBDD5024435B6B0074CF48 /* URLSessionDataTask+Cancellable.swift */ = {isa = PBXFileReference; lastKnownFileType = sourcecode.swift; path = "URLSessionDataTask+Cancellable.swift"; sourceTree = "<group>"; };
/* End PBXFileReference section */

/* Begin PBXFrameworksBuildPhase section */
		EEFBDCAA244322E90074CF48 /* Frameworks */ = {
			isa = PBXFrameworksBuildPhase;
			buildActionMask = 2147483647;
			files = (
			);
			runOnlyForDeploymentPostprocessing = 0;
		};
		EEFBDCC0244322EB0074CF48 /* Frameworks */ = {
			isa = PBXFrameworksBuildPhase;
			buildActionMask = 2147483647;
			files = (
			);
			runOnlyForDeploymentPostprocessing = 0;
		};
/* End PBXFrameworksBuildPhase section */

/* Begin PBXGroup section */
		EEFBDCA4244322E90074CF48 = {
			isa = PBXGroup;
			children = (
				EEFBDCAF244322E90074CF48 /* RedditTop */,
				EEFBDCC6244322EB0074CF48 /* RedditTopTests */,
				EEFBDCAE244322E90074CF48 /* Products */,
			);
			sourceTree = "<group>";
		};
		EEFBDCAE244322E90074CF48 /* Products */ = {
			isa = PBXGroup;
			children = (
				EEFBDCAD244322E90074CF48 /* RedditTop.app */,
				EEFBDCC3244322EB0074CF48 /* RedditTopTests.xctest */,
			);
			name = Products;
			sourceTree = "<group>";
		};
		EEFBDCAF244322E90074CF48 /* RedditTop */ = {
			isa = PBXGroup;
			children = (
				EEFBDD49244358950074CF48 /* Extensions */,
				EEFBDD3D2443441D0074CF48 /* Application */,
				EEFBDD1C24433C980074CF48 /* Modules */,
				EEFBDCD3244324450074CF48 /* Model */,
				EEFBDCD2244323FD0074CF48 /* Services */,
				EEFBDCB9244322EB0074CF48 /* Assets.xcassets */,
				EEFBDCBB244322EB0074CF48 /* LaunchScreen.storyboard */,
				EEFBDCBE244322EB0074CF48 /* Info.plist */,
			);
			path = RedditTop;
			sourceTree = "<group>";
		};
		EEFBDCC6244322EB0074CF48 /* RedditTopTests */ = {
			isa = PBXGroup;
			children = (
				EEFBDCC7244322EB0074CF48 /* RedditTopTests.swift */,
				EEFBDCC9244322EB0074CF48 /* Info.plist */,
			);
			path = RedditTopTests;
			sourceTree = "<group>";
		};
		EEFBDCD2244323FD0074CF48 /* Services */ = {
			isa = PBXGroup;
			children = (
				EEFBDCDA244324E60074CF48 /* APIService */,
			);
			path = Services;
			sourceTree = "<group>";
		};
		EEFBDCD3244324450074CF48 /* Model */ = {
			isa = PBXGroup;
			children = (
				EEFBDCDF244325650074CF48 /* DTOs */,
			);
			path = Model;
			sourceTree = "<group>";
		};
		EEFBDCDA244324E60074CF48 /* APIService */ = {
			isa = PBXGroup;
			children = (
				EEFBDCD6244324790074CF48 /* RedditAPIService.swift */,
				EEFBDCDB244324FF0074CF48 /* Helpers */,
				EEFBDCDC244325130074CF48 /* Impl */,
			);
			path = APIService;
			sourceTree = "<group>";
		};
		EEFBDCDB244324FF0074CF48 /* Helpers */ = {
			isa = PBXGroup;
			children = (
				EEFBDCD4244324680074CF48 /* RedditEndpoint.swift */,
				EEFBDCD82443248D0074CF48 /* RequestsExecutor.swift */,
			);
			path = Helpers;
			sourceTree = "<group>";
		};
		EEFBDCDC244325130074CF48 /* Impl */ = {
			isa = PBXGroup;
			children = (
				EEFBDCDD2443251C0074CF48 /* RedditAPIServiceImpl.swift */,
			);
			path = Impl;
			sourceTree = "<group>";
		};
		EEFBDCDF244325650074CF48 /* DTOs */ = {
			isa = PBXGroup;
			children = (
				EEFBDCE0244325890074CF48 /* RedditPostDTO.swift */,
				EEFBDCE2244325F60074CF48 /* RedditListingPageDTO.swift */,
			);
			path = DTOs;
			sourceTree = "<group>";
		};
		EEFBDD1C24433C980074CF48 /* Modules */ = {
			isa = PBXGroup;
			children = (
				EEFBDD2224433CD70074CF48 /* RedditTop */,
			);
			path = Modules;
			sourceTree = "<group>";
		};
		EEFBDD1D24433CA90074CF48 /* View */ = {
			isa = PBXGroup;
			children = (
				EEFBDD3724433DD70074CF48 /* RedditTopViewController.swift */,
				EEFBDD3924433DF70074CF48 /* RedditTopViewInput.swift */,
				EEFBDD3B24433DFF0074CF48 /* RedditTopViewOutput.swift */,
				EEFBDD472443585D0074CF48 /* RedditPostViewData.swift */,
			);
			path = View;
			sourceTree = "<group>";
		};
		EEFBDD1E24433CAD0074CF48 /* Interactor */ = {
			isa = PBXGroup;
			children = (
				EEFBDD3224433DA70074CF48 /* RedditTopInteractor.swift */,
				EEFBDD3624433DBC0074CF48 /* Impl */,
			);
			path = Interactor;
			sourceTree = "<group>";
		};
		EEFBDD1F24433CB60074CF48 /* Presenter */ = {
			isa = PBXGroup;
			children = (
				EEFBDD2D24433D710074CF48 /* RedditTopPresenter.swift */,
				EEFBDD3124433D910074CF48 /* Impl */,
			);
			path = Presenter;
			sourceTree = "<group>";
		};
		EEFBDD2024433CC20074CF48 /* Router */ = {
			isa = PBXGroup;
			children = (
				EEFBDD2824433D3B0074CF48 /* RedditTopRouter.swift */,
				EEFBDD2C24433D560074CF48 /* Impl */,
			);
			path = Router;
			sourceTree = "<group>";
		};
		EEFBDD2124433CC80074CF48 /* Configurator */ = {
			isa = PBXGroup;
			children = (
				EEFBDD2324433CF10074CF48 /* RedditTopConfigurator.swift */,
				EEFBDD2724433D060074CF48 /* Impl */,
			);
			path = Configurator;
			sourceTree = "<group>";
		};
		EEFBDD2224433CD70074CF48 /* RedditTop */ = {
			isa = PBXGroup;
			children = (
				EEFBDD2124433CC80074CF48 /* Configurator */,
				EEFBDD2024433CC20074CF48 /* Router */,
				EEFBDD1F24433CB60074CF48 /* Presenter */,
				EEFBDD1E24433CAD0074CF48 /* Interactor */,
				EEFBDD1D24433CA90074CF48 /* View */,
			);
			path = RedditTop;
			sourceTree = "<group>";
		};
		EEFBDD2724433D060074CF48 /* Impl */ = {
			isa = PBXGroup;
			children = (
				EEFBDD2524433D020074CF48 /* RedditTopConfiguratorImpl.swift */,
			);
			path = Impl;
			sourceTree = "<group>";
		};
		EEFBDD2C24433D560074CF48 /* Impl */ = {
			isa = PBXGroup;
			children = (
				EEFBDD2A24433D530074CF48 /* RedditTopRouterImpl.swift */,
			);
			path = Impl;
			sourceTree = "<group>";
		};
		EEFBDD3124433D910074CF48 /* Impl */ = {
			isa = PBXGroup;
			children = (
				EEFBDD2F24433D8D0074CF48 /* RedditTopPresenterImpl.swift */,
			);
			path = Impl;
			sourceTree = "<group>";
		};
		EEFBDD3624433DBC0074CF48 /* Impl */ = {
			isa = PBXGroup;
			children = (
				EEFBDD3424433DB90074CF48 /* RedditTopInteractorImpl.swift */,
			);
			path = Impl;
			sourceTree = "<group>";
		};
		EEFBDD3D2443441D0074CF48 /* Application */ = {
			isa = PBXGroup;
			children = (
				EEFBDCB0244322E90074CF48 /* AppDelegate.swift */,
				EEFBDCB2244322E90074CF48 /* SceneDelegate.swift */,
				EEFBDD3E244344280074CF48 /* BaseSceneDelegate.swift */,
				EEFBDD40244344760074CF48 /* ApplicationInitService.swift */,
			);
			path = Application;
			sourceTree = "<group>";
		};
		EEFBDD49244358950074CF48 /* Extensions */ = {
			isa = PBXGroup;
			children = (
				EEFBDD4A244358A20074CF48 /* Date+Extensions.swift */,
				EEFBDD4C244359F90074CF48 /* UITableViewCell+ReusableView.swift */,
				EEFBDD4E24435A0B0074CF48 /* Collection+Safe.swift */,
				EEFBDD5024435B6B0074CF48 /* URLSessionDataTask+Cancellable.swift */,
			);
			path = Extensions;
			sourceTree = "<group>";
		};
/* End PBXGroup section */

/* Begin PBXNativeTarget section */
		EEFBDCAC244322E90074CF48 /* RedditTop */ = {
			isa = PBXNativeTarget;
			buildConfigurationList = EEFBDCCC244322EB0074CF48 /* Build configuration list for PBXNativeTarget "RedditTop" */;
			buildPhases = (
				EEFBDCA9244322E90074CF48 /* Sources */,
				EEFBDCAA244322E90074CF48 /* Frameworks */,
				EEFBDCAB244322E90074CF48 /* Resources */,
			);
			buildRules = (
			);
			dependencies = (
			);
			name = RedditTop;
			productName = RedditTop;
			productReference = EEFBDCAD244322E90074CF48 /* RedditTop.app */;
			productType = "com.apple.product-type.application";
		};
		EEFBDCC2244322EB0074CF48 /* RedditTopTests */ = {
			isa = PBXNativeTarget;
			buildConfigurationList = EEFBDCCF244322EB0074CF48 /* Build configuration list for PBXNativeTarget "RedditTopTests" */;
			buildPhases = (
				EEFBDCBF244322EB0074CF48 /* Sources */,
				EEFBDCC0244322EB0074CF48 /* Frameworks */,
				EEFBDCC1244322EB0074CF48 /* Resources */,
			);
			buildRules = (
			);
			dependencies = (
				EEFBDCC5244322EB0074CF48 /* PBXTargetDependency */,
			);
			name = RedditTopTests;
			productName = RedditTopTests;
			productReference = EEFBDCC3244322EB0074CF48 /* RedditTopTests.xctest */;
			productType = "com.apple.product-type.bundle.unit-test";
		};
/* End PBXNativeTarget section */

/* Begin PBXProject section */
		EEFBDCA5244322E90074CF48 /* Project object */ = {
			isa = PBXProject;
			attributes = {
				LastSwiftUpdateCheck = 1140;
				LastUpgradeCheck = 1140;
				ORGANIZATIONNAME = "Vladyslav Skintiyan";
				TargetAttributes = {
					EEFBDCAC244322E90074CF48 = {
						CreatedOnToolsVersion = 11.4;
					};
					EEFBDCC2244322EB0074CF48 = {
						CreatedOnToolsVersion = 11.4;
						TestTargetID = EEFBDCAC244322E90074CF48;
					};
				};
			};
			buildConfigurationList = EEFBDCA8244322E90074CF48 /* Build configuration list for PBXProject "RedditTop" */;
			compatibilityVersion = "Xcode 9.3";
			developmentRegion = en;
			hasScannedForEncodings = 0;
			knownRegions = (
				en,
				Base,
			);
			mainGroup = EEFBDCA4244322E90074CF48;
			productRefGroup = EEFBDCAE244322E90074CF48 /* Products */;
			projectDirPath = "";
			projectRoot = "";
			targets = (
				EEFBDCAC244322E90074CF48 /* RedditTop */,
				EEFBDCC2244322EB0074CF48 /* RedditTopTests */,
			);
		};
/* End PBXProject section */

/* Begin PBXResourcesBuildPhase section */
		EEFBDCAB244322E90074CF48 /* Resources */ = {
			isa = PBXResourcesBuildPhase;
			buildActionMask = 2147483647;
			files = (
				EEFBDCBD244322EB0074CF48 /* LaunchScreen.storyboard in Resources */,
				EEFBDCBA244322EB0074CF48 /* Assets.xcassets in Resources */,
			);
			runOnlyForDeploymentPostprocessing = 0;
		};
		EEFBDCC1244322EB0074CF48 /* Resources */ = {
			isa = PBXResourcesBuildPhase;
			buildActionMask = 2147483647;
			files = (
			);
			runOnlyForDeploymentPostprocessing = 0;
		};
/* End PBXResourcesBuildPhase section */

/* Begin PBXSourcesBuildPhase section */
		EEFBDCA9244322E90074CF48 /* Sources */ = {
			isa = PBXSourcesBuildPhase;
			buildActionMask = 2147483647;
			files = (
				EEFBDD3524433DB90074CF48 /* RedditTopInteractorImpl.swift in Sources */,
				EEFBDD3F244344280074CF48 /* BaseSceneDelegate.swift in Sources */,
				EEFBDCD92443248D0074CF48 /* RequestsExecutor.swift in Sources */,
				EEFBDD5124435B6B0074CF48 /* URLSessionDataTask+Cancellable.swift in Sources */,
				EEFBDD4D244359F90074CF48 /* UITableViewCell+ReusableView.swift in Sources */,
				EEFBDD4F24435A0B0074CF48 /* Collection+Safe.swift in Sources */,
				EEFBDD2624433D020074CF48 /* RedditTopConfiguratorImpl.swift in Sources */,
				EEFBDD3024433D8D0074CF48 /* RedditTopPresenterImpl.swift in Sources */,
				EEFBDCE3244325F60074CF48 /* RedditListingPageDTO.swift in Sources */,
				EEFBDD482443585E0074CF48 /* RedditPostViewData.swift in Sources */,
				EEFBDCD5244324680074CF48 /* RedditEndpoint.swift in Sources */,
				EEFBDD3C24433DFF0074CF48 /* RedditTopViewOutput.swift in Sources */,
				EEFBDCB1244322E90074CF48 /* AppDelegate.swift in Sources */,
				EEFBDD4B244358A20074CF48 /* Date+Extensions.swift in Sources */,
				EEFBDD2E24433D710074CF48 /* RedditTopPresenter.swift in Sources */,
				EEFBDCB3244322E90074CF48 /* SceneDelegate.swift in Sources */,
				EEFBDD41244344770074CF48 /* ApplicationInitService.swift in Sources */,
				EEFBDD3824433DD70074CF48 /* RedditTopViewController.swift in Sources */,
				EEFBDD2424433CF10074CF48 /* RedditTopConfigurator.swift in Sources */,
				EEFBDD2924433D3B0074CF48 /* RedditTopRouter.swift in Sources */,
				EEFBDCD7244324790074CF48 /* RedditAPIService.swift in Sources */,
				EEFBDCDE2443251C0074CF48 /* RedditAPIServiceImpl.swift in Sources */,
				EEFBDCE1244325890074CF48 /* RedditPostDTO.swift in Sources */,
				EEFBDD3A24433DF70074CF48 /* RedditTopViewInput.swift in Sources */,
				EEFBDD3324433DA70074CF48 /* RedditTopInteractor.swift in Sources */,
				EEFBDD2B24433D530074CF48 /* RedditTopRouterImpl.swift in Sources */,
			);
			runOnlyForDeploymentPostprocessing = 0;
		};
		EEFBDCBF244322EB0074CF48 /* Sources */ = {
			isa = PBXSourcesBuildPhase;
			buildActionMask = 2147483647;
			files = (
				EEFBDCC8244322EB0074CF48 /* RedditTopTests.swift in Sources */,
			);
			runOnlyForDeploymentPostprocessing = 0;
		};
/* End PBXSourcesBuildPhase section */

/* Begin PBXTargetDependency section */
		EEFBDCC5244322EB0074CF48 /* PBXTargetDependency */ = {
			isa = PBXTargetDependency;
			target = EEFBDCAC244322E90074CF48 /* RedditTop */;
			targetProxy = EEFBDCC4244322EB0074CF48 /* PBXContainerItemProxy */;
		};
/* End PBXTargetDependency section */

/* Begin PBXVariantGroup section */
		EEFBDCBB244322EB0074CF48 /* LaunchScreen.storyboard */ = {
			isa = PBXVariantGroup;
			children = (
				EEFBDCBC244322EB0074CF48 /* Base */,
			);
			name = LaunchScreen.storyboard;
			sourceTree = "<group>";
		};
/* End PBXVariantGroup section */

/* Begin XCBuildConfiguration section */
		EEFBDCCA244322EB0074CF48 /* Debug */ = {
			isa = XCBuildConfiguration;
			buildSettings = {
				ALWAYS_SEARCH_USER_PATHS = NO;
				CLANG_ANALYZER_NONNULL = YES;
				CLANG_ANALYZER_NUMBER_OBJECT_CONVERSION = YES_AGGRESSIVE;
				CLANG_CXX_LANGUAGE_STANDARD = "gnu++14";
				CLANG_CXX_LIBRARY = "libc++";
				CLANG_ENABLE_MODULES = YES;
				CLANG_ENABLE_OBJC_ARC = YES;
				CLANG_ENABLE_OBJC_WEAK = YES;
				CLANG_WARN_BLOCK_CAPTURE_AUTORELEASING = YES;
				CLANG_WARN_BOOL_CONVERSION = YES;
				CLANG_WARN_COMMA = YES;
				CLANG_WARN_CONSTANT_CONVERSION = YES;
				CLANG_WARN_DEPRECATED_OBJC_IMPLEMENTATIONS = YES;
				CLANG_WARN_DIRECT_OBJC_ISA_USAGE = YES_ERROR;
				CLANG_WARN_DOCUMENTATION_COMMENTS = YES;
				CLANG_WARN_EMPTY_BODY = YES;
				CLANG_WARN_ENUM_CONVERSION = YES;
				CLANG_WARN_INFINITE_RECURSION = YES;
				CLANG_WARN_INT_CONVERSION = YES;
				CLANG_WARN_NON_LITERAL_NULL_CONVERSION = YES;
				CLANG_WARN_OBJC_IMPLICIT_RETAIN_SELF = YES;
				CLANG_WARN_OBJC_LITERAL_CONVERSION = YES;
				CLANG_WARN_OBJC_ROOT_CLASS = YES_ERROR;
				CLANG_WARN_RANGE_LOOP_ANALYSIS = YES;
				CLANG_WARN_STRICT_PROTOTYPES = YES;
				CLANG_WARN_SUSPICIOUS_MOVE = YES;
				CLANG_WARN_UNGUARDED_AVAILABILITY = YES_AGGRESSIVE;
				CLANG_WARN_UNREACHABLE_CODE = YES;
				CLANG_WARN__DUPLICATE_METHOD_MATCH = YES;
				COPY_PHASE_STRIP = NO;
				DEBUG_INFORMATION_FORMAT = dwarf;
				ENABLE_STRICT_OBJC_MSGSEND = YES;
				ENABLE_TESTABILITY = YES;
				GCC_C_LANGUAGE_STANDARD = gnu11;
				GCC_DYNAMIC_NO_PIC = NO;
				GCC_NO_COMMON_BLOCKS = YES;
				GCC_OPTIMIZATION_LEVEL = 0;
				GCC_PREPROCESSOR_DEFINITIONS = (
					"DEBUG=1",
					"$(inherited)",
				);
				GCC_WARN_64_TO_32_BIT_CONVERSION = YES;
				GCC_WARN_ABOUT_RETURN_TYPE = YES_ERROR;
				GCC_WARN_UNDECLARED_SELECTOR = YES;
				GCC_WARN_UNINITIALIZED_AUTOS = YES_AGGRESSIVE;
				GCC_WARN_UNUSED_FUNCTION = YES;
				GCC_WARN_UNUSED_VARIABLE = YES;
				IPHONEOS_DEPLOYMENT_TARGET = 13.4;
				MTL_ENABLE_DEBUG_INFO = INCLUDE_SOURCE;
				MTL_FAST_MATH = YES;
				ONLY_ACTIVE_ARCH = YES;
				SDKROOT = iphoneos;
				SWIFT_ACTIVE_COMPILATION_CONDITIONS = DEBUG;
				SWIFT_OPTIMIZATION_LEVEL = "-Onone";
			};
			name = Debug;
		};
		EEFBDCCB244322EB0074CF48 /* Release */ = {
			isa = XCBuildConfiguration;
			buildSettings = {
				ALWAYS_SEARCH_USER_PATHS = NO;
				CLANG_ANALYZER_NONNULL = YES;
				CLANG_ANALYZER_NUMBER_OBJECT_CONVERSION = YES_AGGRESSIVE;
				CLANG_CXX_LANGUAGE_STANDARD = "gnu++14";
				CLANG_CXX_LIBRARY = "libc++";
				CLANG_ENABLE_MODULES = YES;
				CLANG_ENABLE_OBJC_ARC = YES;
				CLANG_ENABLE_OBJC_WEAK = YES;
				CLANG_WARN_BLOCK_CAPTURE_AUTORELEASING = YES;
				CLANG_WARN_BOOL_CONVERSION = YES;
				CLANG_WARN_COMMA = YES;
				CLANG_WARN_CONSTANT_CONVERSION = YES;
				CLANG_WARN_DEPRECATED_OBJC_IMPLEMENTATIONS = YES;
				CLANG_WARN_DIRECT_OBJC_ISA_USAGE = YES_ERROR;
				CLANG_WARN_DOCUMENTATION_COMMENTS = YES;
				CLANG_WARN_EMPTY_BODY = YES;
				CLANG_WARN_ENUM_CONVERSION = YES;
				CLANG_WARN_INFINITE_RECURSION = YES;
				CLANG_WARN_INT_CONVERSION = YES;
				CLANG_WARN_NON_LITERAL_NULL_CONVERSION = YES;
				CLANG_WARN_OBJC_IMPLICIT_RETAIN_SELF = YES;
				CLANG_WARN_OBJC_LITERAL_CONVERSION = YES;
				CLANG_WARN_OBJC_ROOT_CLASS = YES_ERROR;
				CLANG_WARN_RANGE_LOOP_ANALYSIS = YES;
				CLANG_WARN_STRICT_PROTOTYPES = YES;
				CLANG_WARN_SUSPICIOUS_MOVE = YES;
				CLANG_WARN_UNGUARDED_AVAILABILITY = YES_AGGRESSIVE;
				CLANG_WARN_UNREACHABLE_CODE = YES;
				CLANG_WARN__DUPLICATE_METHOD_MATCH = YES;
				COPY_PHASE_STRIP = NO;
				DEBUG_INFORMATION_FORMAT = "dwarf-with-dsym";
				ENABLE_NS_ASSERTIONS = NO;
				ENABLE_STRICT_OBJC_MSGSEND = YES;
				GCC_C_LANGUAGE_STANDARD = gnu11;
				GCC_NO_COMMON_BLOCKS = YES;
				GCC_WARN_64_TO_32_BIT_CONVERSION = YES;
				GCC_WARN_ABOUT_RETURN_TYPE = YES_ERROR;
				GCC_WARN_UNDECLARED_SELECTOR = YES;
				GCC_WARN_UNINITIALIZED_AUTOS = YES_AGGRESSIVE;
				GCC_WARN_UNUSED_FUNCTION = YES;
				GCC_WARN_UNUSED_VARIABLE = YES;
				IPHONEOS_DEPLOYMENT_TARGET = 13.4;
				MTL_ENABLE_DEBUG_INFO = NO;
				MTL_FAST_MATH = YES;
				SDKROOT = iphoneos;
				SWIFT_COMPILATION_MODE = wholemodule;
				SWIFT_OPTIMIZATION_LEVEL = "-O";
				VALIDATE_PRODUCT = YES;
			};
			name = Release;
		};
		EEFBDCCD244322EB0074CF48 /* Debug */ = {
			isa = XCBuildConfiguration;
			buildSettings = {
				ASSETCATALOG_COMPILER_APPICON_NAME = AppIcon;
				CODE_SIGN_STYLE = Automatic;
				DEVELOPMENT_TEAM = 94G6NUC99C;
				INFOPLIST_FILE = RedditTop/Info.plist;
				LD_RUNPATH_SEARCH_PATHS = (
					"$(inherited)",
					"@executable_path/Frameworks",
				);
				PRODUCT_BUNDLE_IDENTIFIER = test.test.RedditTop;
				PRODUCT_NAME = "$(TARGET_NAME)";
				SWIFT_VERSION = 5.0;
				TARGETED_DEVICE_FAMILY = "1,2";
			};
			name = Debug;
		};
		EEFBDCCE244322EB0074CF48 /* Release */ = {
			isa = XCBuildConfiguration;
			buildSettings = {
				ASSETCATALOG_COMPILER_APPICON_NAME = AppIcon;
				CODE_SIGN_STYLE = Automatic;
				DEVELOPMENT_TEAM = 94G6NUC99C;
				INFOPLIST_FILE = RedditTop/Info.plist;
				LD_RUNPATH_SEARCH_PATHS = (
					"$(inherited)",
					"@executable_path/Frameworks",
				);
				PRODUCT_BUNDLE_IDENTIFIER = test.test.RedditTop;
				PRODUCT_NAME = "$(TARGET_NAME)";
				SWIFT_VERSION = 5.0;
				TARGETED_DEVICE_FAMILY = "1,2";
			};
			name = Release;
		};
		EEFBDCD0244322EB0074CF48 /* Debug */ = {
			isa = XCBuildConfiguration;
			buildSettings = {
				ALWAYS_EMBED_SWIFT_STANDARD_LIBRARIES = YES;
				BUNDLE_LOADER = "$(TEST_HOST)";
				CODE_SIGN_STYLE = Automatic;
				DEVELOPMENT_TEAM = 94G6NUC99C;
				INFOPLIST_FILE = RedditTopTests/Info.plist;
				IPHONEOS_DEPLOYMENT_TARGET = 13.4;
				LD_RUNPATH_SEARCH_PATHS = (
					"$(inherited)",
					"@executable_path/Frameworks",
					"@loader_path/Frameworks",
				);
				PRODUCT_BUNDLE_IDENTIFIER = test.test.RedditTopTests;
				PRODUCT_NAME = "$(TARGET_NAME)";
				SWIFT_VERSION = 5.0;
				TARGETED_DEVICE_FAMILY = "1,2";
				TEST_HOST = "$(BUILT_PRODUCTS_DIR)/RedditTop.app/RedditTop";
			};
			name = Debug;
		};
		EEFBDCD1244322EB0074CF48 /* Release */ = {
			isa = XCBuildConfiguration;
			buildSettings = {
				ALWAYS_EMBED_SWIFT_STANDARD_LIBRARIES = YES;
				BUNDLE_LOADER = "$(TEST_HOST)";
				CODE_SIGN_STYLE = Automatic;
				DEVELOPMENT_TEAM = 94G6NUC99C;
				INFOPLIST_FILE = RedditTopTests/Info.plist;
				IPHONEOS_DEPLOYMENT_TARGET = 13.4;
				LD_RUNPATH_SEARCH_PATHS = (
					"$(inherited)",
					"@executable_path/Frameworks",
					"@loader_path/Frameworks",
				);
				PRODUCT_BUNDLE_IDENTIFIER = test.test.RedditTopTests;
				PRODUCT_NAME = "$(TARGET_NAME)";
				SWIFT_VERSION = 5.0;
				TARGETED_DEVICE_FAMILY = "1,2";
				TEST_HOST = "$(BUILT_PRODUCTS_DIR)/RedditTop.app/RedditTop";
			};
			name = Release;
		};
/* End XCBuildConfiguration section */

/* Begin XCConfigurationList section */
		EEFBDCA8244322E90074CF48 /* Build configuration list for PBXProject "RedditTop" */ = {
			isa = XCConfigurationList;
			buildConfigurations = (
				EEFBDCCA244322EB0074CF48 /* Debug */,
				EEFBDCCB244322EB0074CF48 /* Release */,
			);
			defaultConfigurationIsVisible = 0;
			defaultConfigurationName = Release;
		};
		EEFBDCCC244322EB0074CF48 /* Build configuration list for PBXNativeTarget "RedditTop" */ = {
			isa = XCConfigurationList;
			buildConfigurations = (
				EEFBDCCD244322EB0074CF48 /* Debug */,
				EEFBDCCE244322EB0074CF48 /* Release */,
			);
			defaultConfigurationIsVisible = 0;
			defaultConfigurationName = Release;
		};
		EEFBDCCF244322EB0074CF48 /* Build configuration list for PBXNativeTarget "RedditTopTests" */ = {
			isa = XCConfigurationList;
			buildConfigurations = (
				EEFBDCD0244322EB0074CF48 /* Debug */,
				EEFBDCD1244322EB0074CF48 /* Release */,
			);
			defaultConfigurationIsVisible = 0;
			defaultConfigurationName = Release;
		};
/* End XCConfigurationList section */
	};
	rootObject = EEFBDCA5244322E90074CF48 /* Project object */;
}
